{
  "lib/aave-v3-core": {
    "rev": "6070e82d962d9b12835c88e68210d0e63f08d035"
  },
  "lib/chainlink": {
    "rev": "4d978942ba36f08ae0b07657fbb6907078a99b1c"
  },
  "lib/chimera": {
    "rev": "d5cf52bc5bbf75f988f8aada23fd12d0bcf7798a"
  },
  "lib/forge-std": {
    "rev": "f73c73d2018eb6a111f35e4dae7b4f27401e9421"
  },
  "lib/openzeppelin-contracts": {
    "rev": "dbb6104ce834628e473d2173bbc9d47f81a9eec3"
  },
  "lib/openzeppelin-contracts-upgradeable": {
    "rev": "723f8cab09cdae1aca9ec9cc1cfa040c2d4b06c1"
  },
  "lib/properties": {
    "rev": "4a328b8d2637a48ac9f7cb74549cc93eb073d2ff"
  },
  "lib/solady": {
    "rev": "b3d4ad97035a8b9b7b661763c6aed51fcfe5a87a"
  }
}